
Microsoft Visual Studio Solution File, Format Version 12.00
# Visual Studio Version 17
VisualStudioVersion = 17.8.34330.188
MinimumVisualStudioVersion = 10.0.40219.1
Project("{FAE04EC0-301F-11D3-BF4B-00C04F79EFBC}") = "WMS", "WMS\WMS.csproj", "{1A5A9CE7-162B-428D-B56A-3E5404B02066}"
EndProject
Global
	GlobalSection(SolutionConfigurationPlatforms) = preSolution
		Debug|Any CPU = Debug|Any CPU
		Release|Any CPU = Release|Any CPU
	EndGlobalSection
	GlobalSection(ProjectConfigurationPlatforms) = postSolution
		{1A5A9CE7-162B-428D-B56A-3E5404B02066}.Debug|Any CPU.ActiveCfg = Debug|Any CPU
		{1A5A9CE7-162B-428D-B56A-3E5404B02066}.Debug|Any CPU.Build.0 = Debug|Any CPU
		{1A5A9CE7-162B-428D-B56A-3E5404B02066}.Debug|Any CPU.Deploy.0 = Debug|Any CPU
		{1A5A9CE7-162B-428D-B56A-3E5404B02066}.Release|Any CPU.ActiveCfg = Release|Any CPU
		{1A5A9CE7-162B-428D-B56A-3E5404B02066}.Release|Any CPU.Build.0 = Release|Any CPU
		{1A5A9CE7-162B-428D-B56A-3E5404B02066}.Release|Any CPU.Deploy.0 = Release|Any CPU
	EndGlobalSection
	GlobalSection(SolutionProperties) = preSolution
		HideSolutionNode = FALSE
	EndGlobalSection
	GlobalSection(ExtensibilityGlobals) = postSolution
		SolutionGuid = {18A29F89-DD62-4558-928F-9D175B68028C}
	EndGlobalSection
EndGlobal
